<?xml version="1.0" encoding="utf-8"?>
<Project ToolsVersion="4.0" xmlns="http://schemas.microsoft.com/developer/msbuild/2003">
  <ItemGroup>
    <ClCompile Include="ordered_line_table.cpp" />
    <ClCompile Include="hash_table_on_lists.cpp" />
    <ClCompile Include="Main.cpp" />
    <ClCompile Include="postfix.cpp" />
    <ClCompile Include="HTL_Metd.cpp" />
    <ClCompile Include="List_Metd.cpp" />
    <ClCompile Include="LTL_Metd.cpp" />
    <ClCompile Include="Polynom_Metd.cpp" />
    <ClCompile Include="BaseTable.cpp" />
    <ClCompile Include="TreeTable.cpp" />
    <ClCompile Include="LineTable.cpp" />
    <ClCompile Include="Interface.cpp" />
  </ItemGroup>
  <ItemGroup>
    <ClInclude Include="hash_table_on_lists.h" />
    <ClInclude Include="ordered_line_table.h" />
    <ClInclude Include="postfix.h" />
    <ClInclude Include="stack.h" />
    <ClInclude Include="BaseTable.h" />
    <ClInclude Include="HashTabLin.h" />
    <ClInclude Include="LinTabList.h" />
    <ClInclude Include="List.h" />
    <ClInclude Include="Polynom.h" />
    <ClInclude Include="TreeTable.h" />
    <ClInclude Include="LineTable.h" />
    <ClInclude Include="Interface.h" />
  </ItemGroup>
</Project>