
Microsoft Visual Studio Solution File, Format Version 12.00
# Visual Studio 15
VisualStudioVersion = 15.0.28307.421
MinimumVisualStudioVersion = 10.0.40219.1
Project("{8BC9CEB8-8B4A-11D0-8D11-00A0C91BC942}") = "base", "base\base.vcxproj", "{B7DB588E-15E3-4D80-8867-B2506AB50676}"
EndProject
Project("{8BC9CEB8-8B4A-11D0-8D11-00A0C91BC942}") = "gtest", "gtest\gtest.vcxproj", "{60932AFC-7808-48B7-B3BF-F2BC151C0065}"
EndProject
Project("{8BC9CEB8-8B4A-11D0-8D11-00A0C91BC942}") = "base_test", "base_test\base_test.vcxproj", "{3C04DB9B-55E1-429C-8322-7F5E29B6A004}"
EndProject
Global
	GlobalSection(SolutionConfigurationPlatforms) = preSolution
		Debug|x64 = Debug|x64
		Debug|x86 = Debug|x86
		Release|x64 = Release|x64
		Release|x86 = Release|x86
	EndGlobalSection
	GlobalSection(ProjectConfigurationPlatforms) = postSolution
		{B7DB588E-15E3-4D80-8867-B2506AB50676}.Debug|x64.ActiveCfg = Debug|x64
		{B7DB588E-15E3-4D80-8867-B2506AB50676}.Debug|x64.Build.0 = Debug|x64
		{B7DB588E-15E3-4D80-8867-B2506AB50676}.Debug|x86.ActiveCfg = Debug|Win32
		{B7DB588E-15E3-4D80-8867-B2506AB50676}.Debug|x86.Build.0 = Debug|Win32
		{B7DB588E-15E3-4D80-8867-B2506AB50676}.Release|x64.ActiveCfg = Release|x64
		{B7DB588E-15E3-4D80-8867-B2506AB50676}.Release|x64.Build.0 = Release|x64
		{B7DB588E-15E3-4D80-8867-B2506AB50676}.Release|x86.ActiveCfg = Release|Win32
		{B7DB588E-15E3-4D80-8867-B2506AB50676}.Release|x86.Build.0 = Release|Win32
		{60932AFC-7808-48B7-B3BF-F2BC151C0065}.Debug|x64.ActiveCfg = Debug|Win32
		{60932AFC-7808-48B7-B3BF-F2BC151C0065}.Debug|x86.ActiveCfg = Debug|Win32
		{60932AFC-7808-48B7-B3BF-F2BC151C0065}.Debug|x86.Build.0 = Debug|Win32
		{60932AFC-7808-48B7-B3BF-F2BC151C0065}.Release|x64.ActiveCfg = Release|Win32
		{60932AFC-7808-48B7-B3BF-F2BC151C0065}.Release|x86.ActiveCfg = Release|Win32
		{60932AFC-7808-48B7-B3BF-F2BC151C0065}.Release|x86.Build.0 = Release|Win32
		{3C04DB9B-55E1-429C-8322-7F5E29B6A004}.Debug|x64.ActiveCfg = Debug|x64
		{3C04DB9B-55E1-429C-8322-7F5E29B6A004}.Debug|x64.Build.0 = Debug|x64
		{3C04DB9B-55E1-429C-8322-7F5E29B6A004}.Debug|x86.ActiveCfg = Debug|Win32
		{3C04DB9B-55E1-429C-8322-7F5E29B6A004}.Debug|x86.Build.0 = Debug|Win32
		{3C04DB9B-55E1-429C-8322-7F5E29B6A004}.Release|x64.ActiveCfg = Release|x64
		{3C04DB9B-55E1-429C-8322-7F5E29B6A004}.Release|x64.Build.0 = Release|x64
		{3C04DB9B-55E1-429C-8322-7F5E29B6A004}.Release|x86.ActiveCfg = Release|Win32
		{3C04DB9B-55E1-429C-8322-7F5E29B6A004}.Release|x86.Build.0 = Release|Win32
	EndGlobalSection
	GlobalSection(SolutionProperties) = preSolution
		HideSolutionNode = FALSE
	EndGlobalSection
	GlobalSection(ExtensibilityGlobals) = postSolution
		SolutionGuid = {EB881A7A-BFD2-441B-BF1A-81FC36C0B07E}
	EndGlobalSection
EndGlobal
