<?xml version="1.0" encoding="utf-8"?>
<Project ToolsVersion="4.0" xmlns="http://schemas.microsoft.com/developer/msbuild/2003">
  <ItemGroup>
    <ClCompile Include="test_main.cpp" />
    <ClCompile Include="test_hashtablin.cpp" />
    <ClCompile Include="test_hashtablist.cpp" />
    <ClCompile Include="test_linetable.cpp" />
    <ClCompile Include="test_lintablist.cpp" />
    <ClCompile Include="test_ordlinetab.cpp" />
    <ClCompile Include="test_polynom.cpp" />
    <ClCompile Include="test_postfix.cpp" />
    <ClCompile Include="test_stack.cpp" />
    <ClCompile Include="test_treetable.cpp" />
    <ClCompile Include="..\base\BaseTable.cpp" />
    <ClCompile Include="..\base\hash_table_on_lists.cpp" />
    <ClCompile Include="..\base\HTL_Metd.cpp" />
    <ClCompile Include="..\base\LineTable.cpp" />
    <ClCompile Include="..\base\Polynom_Metd.cpp" />
    <ClCompile Include="..\base\postfix.cpp" />
    <ClCompile Include="..\base\LTL_Metd.cpp" />
    <ClCompile Include="..\base\ordered_line_table.cpp" />
    <ClCompile Include="..\base\TreeTable.cpp" />
    <ClCompile Include="test_list.cpp" />
    <ClCompile Include="..\base\List_Metd.cpp" />
  </ItemGroup>
</Project>