<?xml version="1.0" encoding="utf-8"?>
<Project ToolsVersion="4.0" xmlns="http://schemas.microsoft.com/developer/msbuild/2003">
  <ItemGroup>
    <Filter Include="Исходные файлы">
      <UniqueIdentifier>{4FC737F1-C7A5-4376-A066-2A32D752A2FF}</UniqueIdentifier>
      <Extensions>cpp;c;cc;cxx;def;odl;idl;hpj;bat;asm;asmx</Extensions>
    </Filter>
    <Filter Include="Файлы заголовков">
      <UniqueIdentifier>{93995380-89BD-4b04-88EB-625FBE52EBFB}</UniqueIdentifier>
      <Extensions>h;hh;hpp;hxx;hm;inl;inc;ipp;xsd</Extensions>
    </Filter>
    <Filter Include="Файлы ресурсов">
      <UniqueIdentifier>{67DA6AB6-F800-4c08-8B7A-83BB121AAD01}</UniqueIdentifier>
      <Extensions>rc;ico;cur;bmp;dlg;rc2;rct;bin;rgs;gif;jpg;jpeg;jpe;resx;tiff;tif;png;wav;mfcribbon-ms</Extensions>
    </Filter>
  </ItemGroup>
  <ItemGroup>
    <ClCompile Include="test_main.cpp">
      <Filter>Исходные файлы</Filter>
    </ClCompile>
    <ClCompile Include="test_lintablist.cpp">
      <Filter>Исходные файлы</Filter>
    </ClCompile>
    <ClCompile Include="test_hashtablin.cpp">
      <Filter>Исходные файлы</Filter>
    </ClCompile>
    <ClCompile Include="test_polynom.cpp">
      <Filter>Исходные файлы</Filter>
    </ClCompile>
    <ClCompile Include="..\base\HTL_Metd.cpp">
      <Filter>Исходные файлы</Filter>
    </ClCompile>
    <ClCompile Include="..\base\Polynom_Metd.cpp">
      <Filter>Исходные файлы</Filter>
    </ClCompile>
    <ClCompile Include="..\base\LTL_Metd.cpp">
      <Filter>Исходные файлы</Filter>
    </ClCompile>
    <ClCompile Include="..\base\BaseTable.cpp">
      <Filter>Исходные файлы</Filter>
    </ClCompile>
<<<<<<< HEAD
    <ClCompile Include="test_treetable.cpp">
      <Filter>Исходные файлы</Filter>
    </ClCompile>
    <ClCompile Include="..\base\TreeTable.cpp">
      <Filter>Исходные файлы</Filter>
    </ClCompile>
    <ClCompile Include="test_linetable.cpp">
      <Filter>Исходные файлы</Filter>
    </ClCompile>
    <ClCompile Include="..\base\LineTable.cpp">
=======
    <ClCompile Include="test_stack.cpp">
      <Filter>Исходные файлы</Filter>
    </ClCompile>
    <ClCompile Include="test_postfix.cpp">
      <Filter>Исходные файлы</Filter>
    </ClCompile>
    <ClCompile Include="..\base\postfix.cpp">
      <Filter>Исходные файлы</Filter>
    </ClCompile>
    <ClCompile Include="test_hashtablist.cpp">
      <Filter>Исходные файлы</Filter>
    </ClCompile>
    <ClCompile Include="test_ordlinetab.cpp">
      <Filter>Исходные файлы</Filter>
    </ClCompile>
    <ClCompile Include="..\base\ordered_line_table.cpp">
      <Filter>Исходные файлы</Filter>
    </ClCompile>
    <ClCompile Include="..\base\hash_table_on_lists.cpp">
>>>>>>> Liza
      <Filter>Исходные файлы</Filter>
    </ClCompile>
  </ItemGroup>
</Project>